
Microsoft Visual Studio Solution File, Format Version 12.00
# Visual Studio Version 17
VisualStudioVersion = 17.3.32929.385
MinimumVisualStudioVersion = 10.0.40219.1
Project("{FAE04EC0-301F-11D3-BF4B-00C04F79EFBC}") = "PizzaInventory", "PizzaInventory\PizzaInventory.csproj", "{703D3D27-8981-4D5D-8995-A0F4A9C69450}"
EndProject
Global
	GlobalSection(SolutionConfigurationPlatforms) = preSolution
		Debug|Any CPU = Debug|Any CPU
		Release|Any CPU = Release|Any CPU
	EndGlobalSection
	GlobalSection(ProjectConfigurationPlatforms) = postSolution
		{703D3D27-8981-4D5D-8995-A0F4A9C69450}.Debug|Any CPU.ActiveCfg = Debug|Any CPU
		{703D3D27-8981-4D5D-8995-A0F4A9C69450}.Debug|Any CPU.Build.0 = Debug|Any CPU
		{703D3D27-8981-4D5D-8995-A0F4A9C69450}.Release|Any CPU.ActiveCfg = Release|Any CPU
		{703D3D27-8981-4D5D-8995-A0F4A9C69450}.Release|Any CPU.Build.0 = Release|Any CPU
	EndGlobalSection
	GlobalSection(SolutionProperties) = preSolution
		HideSolutionNode = FALSE
	EndGlobalSection
	GlobalSection(ExtensibilityGlobals) = postSolution
		SolutionGuid = {3E2E53AC-1D96-4BD7-BD75-3444ED7853BE}
	EndGlobalSection
EndGlobal
